
Microsoft Visual Studio Solution File, Format Version 12.00
# Visual Studio Version 16
VisualStudioVersion = 16.0.29306.81
MinimumVisualStudioVersion = 10.0.40219.1
Project("{FAE04EC0-301F-11D3-BF4B-00C04F79EFBC}") = "shop", "shop.csproj", "{EA5A283D-09CC-4362-8396-4B018D4E6EC8}"
EndProject
Project("{FAE04EC0-301F-11D3-BF4B-00C04F79EFBC}") = "shopTests", "..\shopTests\shopTests.csproj", "{8D321533-99DA-4AC2-BA64-81951DA3EDBC}"
EndProject
Global
	GlobalSection(SolutionConfigurationPlatforms) = preSolution
		Debug|Any CPU = Debug|Any CPU
		Release|Any CPU = Release|Any CPU
	EndGlobalSection
	GlobalSection(ProjectConfigurationPlatforms) = postSolution
		{EA5A283D-09CC-4362-8396-4B018D4E6EC8}.Debug|Any CPU.ActiveCfg = Debug|Any CPU
		{EA5A283D-09CC-4362-8396-4B018D4E6EC8}.Debug|Any CPU.Build.0 = Debug|Any CPU
		{EA5A283D-09CC-4362-8396-4B018D4E6EC8}.Release|Any CPU.ActiveCfg = Release|Any CPU
		{EA5A283D-09CC-4362-8396-4B018D4E6EC8}.Release|Any CPU.Build.0 = Release|Any CPU
		{8D321533-99DA-4AC2-BA64-81951DA3EDBC}.Debug|Any CPU.ActiveCfg = Debug|Any CPU
		{8D321533-99DA-4AC2-BA64-81951DA3EDBC}.Debug|Any CPU.Build.0 = Debug|Any CPU
		{8D321533-99DA-4AC2-BA64-81951DA3EDBC}.Release|Any CPU.ActiveCfg = Release|Any CPU
		{8D321533-99DA-4AC2-BA64-81951DA3EDBC}.Release|Any CPU.Build.0 = Release|Any CPU
	EndGlobalSection
	GlobalSection(SolutionProperties) = preSolution
		HideSolutionNode = FALSE
	EndGlobalSection
	GlobalSection(ExtensibilityGlobals) = postSolution
		SolutionGuid = {E3ABC2B2-5ED9-45D0-A890-02B2745A228F}
	EndGlobalSection
EndGlobal
